{
  "requires": true,
  "lockfileVersion": 1,
  "dependencies": {
    "tabulator-tables": {
      "version": "4.6.3",
      "resolved": "https://registry.npmjs.org/tabulator-tables/-/tabulator-tables-4.6.3.tgz",
      "integrity": "sha512-e/SeG1jU5ryg0OlBpKo89ZmKTYdgfRYLRT366Vu17jIrTFxtyaAhgg95N7L0vzvnvQHuSATUY3UynHzYh2iDYw=="
    }
  }
}
